// !$*UTF8*$!
{
	archiveVersion = 1;
	classes = {
	};
	objectVersion = 77;
	objects = {

/* Begin PBXContainerItemProxy section */
		AD6C016B2D724FAA005BA383 /* PBXContainerItemProxy */ = {
			isa = PBXContainerItemProxy;
			containerPortal = AD6C01522D724FA7005BA383 /* Project object */;
			proxyType = 1;
			remoteGlobalIDString = AD6C01592D724FA7005BA383;
			remoteInfo = GitHubCollaboration;
		};
		AD6C01752D724FAA005BA383 /* PBXContainerItemProxy */ = {
			isa = PBXContainerItemProxy;
			containerPortal = AD6C01522D724FA7005BA383 /* Project object */;
			proxyType = 1;
			remoteGlobalIDString = AD6C01592D724FA7005BA383;
			remoteInfo = GitHubCollaboration;
		};
/* End PBXContainerItemProxy section */

/* Begin PBXFileReference section */
		AD6C015A2D724FA7005BA383 /* GitHubCollaboration.app */ = {isa = PBXFileReference; explicitFileType = wrapper.application; includeInIndex = 0; path = GitHubCollaboration.app; sourceTree = BUILT_PRODUCTS_DIR; };
		AD6C016A2D724FAA005BA383 /* GitHubCollaborationTests.xctest */ = {isa = PBXFileReference; explicitFileType = wrapper.cfbundle; includeInIndex = 0; path = GitHubCollaborationTests.xctest; sourceTree = BUILT_PRODUCTS_DIR; };
		AD6C01742D724FAA005BA383 /* GitHubCollaborationUITests.xctest */ = {isa = PBXFileReference; explicitFileType = wrapper.cfbundle; includeInIndex = 0; path = GitHubCollaborationUITests.xctest; sourceTree = BUILT_PRODUCTS_DIR; };
/* End PBXFileReference section */

/* Begin PBXFileSystemSynchronizedRootGroup section */
		AD6C015C2D724FA7005BA383 /* GitHubCollaboration */ = {
			isa = PBXFileSystemSynchronizedRootGroup;
			path = GitHubCollaboration;
			sourceTree = "<group>";
		};
		AD6C016D2D724FAA005BA383 /* GitHubCollaborationTests */ = {
			isa = PBXFileSystemSynchronizedRootGroup;
			path = GitHubCollaborationTests;
			sourceTree = "<group>";
		};
		AD6C01772D724FAA005BA383 /* GitHubCollaborationUITests */ = {
			isa = PBXFileSystemSynchronizedRootGroup;
			path = GitHubCollaborationUITests;
			sourceTree = "<group>";
		};
/* End PBXFileSystemSynchronizedRootGroup section */

/* Begin PBXFrameworksBuildPhase section */
		AD6C01572D724FA7005BA383 /* Frameworks */ = {
			isa = PBXFrameworksBuildPhase;
			buildActionMask = 2147483647;
			files = (
			);
			runOnlyForDeploymentPostprocessing = 0;
		};
		AD6C01672D724FAA005BA383 /* Frameworks */ = {
			isa = PBXFrameworksBuildPhase;
			buildActionMask = 2147483647;
			files = (
			);
			runOnlyForDeploymentPostprocessing = 0;
		};
		AD6C01712D724FAA005BA383 /* Frameworks */ = {
			isa = PBXFrameworksBuildPhase;
			buildActionMask = 2147483647;
			files = (
			);
			runOnlyForDeploymentPostprocessing = 0;
		};
/* End PBXFrameworksBuildPhase section */

/* Begin PBXGroup section */
		AD6C01512D724FA7005BA383 = {
			isa = PBXGroup;
			children = (
				AD6C015C2D724FA7005BA383 /* GitHubCollaboration */,
				AD6C016D2D724FAA005BA383 /* GitHubCollaborationTests */,
				AD6C01772D724FAA005BA383 /* GitHubCollaborationUITests */,
				AD6C015B2D724FA7005BA383 /* Products */,
			);
			sourceTree = "<group>";
		};
		AD6C015B2D724FA7005BA383 /* Products */ = {
			isa = PBXGroup;
			children = (
				AD6C015A2D724FA7005BA383 /* GitHubCollaboration.app */,
				AD6C016A2D724FAA005BA383 /* GitHubCollaborationTests.xctest */,
				AD6C01742D724FAA005BA383 /* GitHubCollaborationUITests.xctest */,
			);
			name = Products;
			sourceTree = "<group>";
		};
/* End PBXGroup section */

/* Begin PBXNativeTarget section */
		AD6C01592D724FA7005BA383 /* GitHubCollaboration */ = {
			isa = PBXNativeTarget;
			buildConfigurationList = AD6C017E2D724FAA005BA383 /* Build configuration list for PBXNativeTarget "GitHubCollaboration" */;
			buildPhases = (
				AD6C01562D724FA7005BA383 /* Sources */,
				AD6C01572D724FA7005BA383 /* Frameworks */,
				AD6C01582D724FA7005BA383 /* Resources */,
			);
			buildRules = (
			);
			dependencies = (
			);
			fileSystemSynchronizedGroups = (
				AD6C015C2D724FA7005BA383 /* GitHubCollaboration */,
			);
			name = GitHubCollaboration;
			packageProductDependencies = (
			);
			productName = GitHubCollaboration;
			productReference = AD6C015A2D724FA7005BA383 /* GitHubCollaboration.app */;
			productType = "com.apple.product-type.application";
		};
		AD6C01692D724FAA005BA383 /* GitHubCollaborationTests */ = {
			isa = PBXNativeTarget;
			buildConfigurationList = AD6C01812D724FAA005BA383 /* Build configuration list for PBXNativeTarget "GitHubCollaborationTests" */;
			buildPhases = (
				AD6C01662D724FAA005BA383 /* Sources */,
				AD6C01672D724FAA005BA383 /* Frameworks */,
				AD6C01682D724FAA005BA383 /* Resources */,
			);
			buildRules = (
			);
			dependencies = (
				AD6C016C2D724FAA005BA383 /* PBXTargetDependency */,
			);
			fileSystemSynchronizedGroups = (
				AD6C016D2D724FAA005BA383 /* GitHubCollaborationTests */,
			);
			name = GitHubCollaborationTests;
			packageProductDependencies = (
			);
			productName = GitHubCollaborationTests;
			productReference = AD6C016A2D724FAA005BA383 /* GitHubCollaborationTests.xctest */;
			productType = "com.apple.product-type.bundle.unit-test";
		};
		AD6C01732D724FAA005BA383 /* GitHubCollaborationUITests */ = {
			isa = PBXNativeTarget;
			buildConfigurationList = AD6C01842D724FAA005BA383 /* Build configuration list for PBXNativeTarget "GitHubCollaborationUITests" */;
			buildPhases = (
				AD6C01702D724FAA005BA383 /* Sources */,
				AD6C01712D724FAA005BA383 /* Frameworks */,
				AD6C01722D724FAA005BA383 /* Resources */,
			);
			buildRules = (
			);
			dependencies = (
				AD6C01762D724FAA005BA383 /* PBXTargetDependency */,
			);
			fileSystemSynchronizedGroups = (
				AD6C01772D724FAA005BA383 /* GitHubCollaborationUITests */,
			);
			name = GitHubCollaborationUITests;
			packageProductDependencies = (
			);
			productName = GitHubCollaborationUITests;
			productReference = AD6C01742D724FAA005BA383 /* GitHubCollaborationUITests.xctest */;
			productType = "com.apple.product-type.bundle.ui-testing";
		};
/* End PBXNativeTarget section */

/* Begin PBXProject section */
		AD6C01522D724FA7005BA383 /* Project object */ = {
			isa = PBXProject;
			attributes = {
				BuildIndependentTargetsInParallel = 1;
				LastSwiftUpdateCheck = 1620;
				LastUpgradeCheck = 1620;
				TargetAttributes = {
					AD6C01592D724FA7005BA383 = {
						CreatedOnToolsVersion = 16.2;
					};
					AD6C01692D724FAA005BA383 = {
						CreatedOnToolsVersion = 16.2;
						TestTargetID = AD6C01592D724FA7005BA383;
					};
					AD6C01732D724FAA005BA383 = {
						CreatedOnToolsVersion = 16.2;
						TestTargetID = AD6C01592D724FA7005BA383;
					};
				};
			};
			buildConfigurationList = AD6C01552D724FA7005BA383 /* Build configuration list for PBXProject "GitHubCollaboration" */;
			developmentRegion = en;
			hasScannedForEncodings = 0;
			knownRegions = (
				en,
				Base,
			);
			mainGroup = AD6C01512D724FA7005BA383;
			minimizedProjectReferenceProxies = 1;
			preferredProjectObjectVersion = 77;
			productRefGroup = AD6C015B2D724FA7005BA383 /* Products */;
			projectDirPath = "";
			projectRoot = "";
			targets = (
				AD6C01592D724FA7005BA383 /* GitHubCollaboration */,
				AD6C01692D724FAA005BA383 /* GitHubCollaborationTests */,
				AD6C01732D724FAA005BA383 /* GitHubCollaborationUITests */,
			);
		};
/* End PBXProject section */

/* Begin PBXResourcesBuildPhase section */
		AD6C01582D724FA7005BA383 /* Resources */ = {
			isa = PBXResourcesBuildPhase;
			buildActionMask = 2147483647;
			files = (
			);
			runOnlyForDeploymentPostprocessing = 0;
		};
		AD6C01682D724FAA005BA383 /* Resources */ = {
			isa = PBXResourcesBuildPhase;
			buildActionMask = 2147483647;
			files = (
			);
			runOnlyForDeploymentPostprocessing = 0;
		};
		AD6C01722D724FAA005BA383 /* Resources */ = {
			isa = PBXResourcesBuildPhase;
			buildActionMask = 2147483647;
			files = (
			);
			runOnlyForDeploymentPostprocessing = 0;
		};
/* End PBXResourcesBuildPhase section */

/* Begin PBXSourcesBuildPhase section */
		AD6C01562D724FA7005BA383 /* Sources */ = {
			isa = PBXSourcesBuildPhase;
			buildActionMask = 2147483647;
			files = (
			);
			runOnlyForDeploymentPostprocessing = 0;
		};
		AD6C01662D724FAA005BA383 /* Sources */ = {
			isa = PBXSourcesBuildPhase;
			buildActionMask = 2147483647;
			files = (
			);
			runOnlyForDeploymentPostprocessing = 0;
		};
		AD6C01702D724FAA005BA383 /* Sources */ = {
			isa = PBXSourcesBuildPhase;
			buildActionMask = 2147483647;
			files = (
			);
			runOnlyForDeploymentPostprocessing = 0;
		};
/* End PBXSourcesBuildPhase section */

/* Begin PBXTargetDependency section */
		AD6C016C2D724FAA005BA383 /* PBXTargetDependency */ = {
			isa = PBXTargetDependency;
			target = AD6C01592D724FA7005BA383 /* GitHubCollaboration */;
			targetProxy = AD6C016B2D724FAA005BA383 /* PBXContainerItemProxy */;
		};
		AD6C01762D724FAA005BA383 /* PBXTargetDependency */ = {
			isa = PBXTargetDependency;
			target = AD6C01592D724FA7005BA383 /* GitHubCollaboration */;
			targetProxy = AD6C01752D724FAA005BA383 /* PBXContainerItemProxy */;
		};
/* End PBXTargetDependency section */

/* Begin XCBuildConfiguration section */
		AD6C017C2D724FAA005BA383 /* Debug */ = {
			isa = XCBuildConfiguration;
			buildSettings = {
				ALWAYS_SEARCH_USER_PATHS = NO;
				ASSETCATALOG_COMPILER_GENERATE_SWIFT_ASSET_SYMBOL_EXTENSIONS = YES;
				CLANG_ANALYZER_NONNULL = YES;
				CLANG_ANALYZER_NUMBER_OBJECT_CONVERSION = YES_AGGRESSIVE;
				CLANG_CXX_LANGUAGE_STANDARD = "gnu++20";
				CLANG_ENABLE_MODULES = YES;
				CLANG_ENABLE_OBJC_ARC = YES;
				CLANG_ENABLE_OBJC_WEAK = YES;
				CLANG_WARN_BLOCK_CAPTURE_AUTORELEASING = YES;
				CLANG_WARN_BOOL_CONVERSION = YES;
				CLANG_WARN_COMMA = YES;
				CLANG_WARN_CONSTANT_CONVERSION = YES;
				CLANG_WARN_DEPRECATED_OBJC_IMPLEMENTATIONS = YES;
				CLANG_WARN_DIRECT_OBJC_ISA_USAGE = YES_ERROR;
				CLANG_WARN_DOCUMENTATION_COMMENTS = YES;
				CLANG_WARN_EMPTY_BODY = YES;
				CLANG_WARN_ENUM_CONVERSION = YES;
				CLANG_WARN_INFINITE_RECURSION = YES;
				CLANG_WARN_INT_CONVERSION = YES;
				CLANG_WARN_NON_LITERAL_NULL_CONVERSION = YES;
				CLANG_WARN_OBJC_IMPLICIT_RETAIN_SELF = YES;
				CLANG_WARN_OBJC_LITERAL_CONVERSION = YES;
				CLANG_WARN_OBJC_ROOT_CLASS = YES_ERROR;
				CLANG_WARN_QUOTED_INCLUDE_IN_FRAMEWORK_HEADER = YES;
				CLANG_WARN_RANGE_LOOP_ANALYSIS = YES;
				CLANG_WARN_STRICT_PROTOTYPES = YES;
				CLANG_WARN_SUSPICIOUS_MOVE = YES;
				CLANG_WARN_UNGUARDED_AVAILABILITY = YES_AGGRESSIVE;
				CLANG_WARN_UNREACHABLE_CODE = YES;
				CLANG_WARN__DUPLICATE_METHOD_MATCH = YES;
				COPY_PHASE_STRIP = NO;
				DEBUG_INFORMATION_FORMAT = dwarf;
				ENABLE_STRICT_OBJC_MSGSEND = YES;
				ENABLE_TESTABILITY = YES;
				ENABLE_USER_SCRIPT_SANDBOXING = YES;
				GCC_C_LANGUAGE_STANDARD = gnu17;
				GCC_DYNAMIC_NO_PIC = NO;
				GCC_NO_COMMON_BLOCKS = YES;
				GCC_OPTIMIZATION_LEVEL = 0;
				GCC_PREPROCESSOR_DEFINITIONS = (
					"DEBUG=1",
					"$(inherited)",
				);
				GCC_WARN_64_TO_32_BIT_CONVERSION = YES;
				GCC_WARN_ABOUT_RETURN_TYPE = YES_ERROR;
				GCC_WARN_UNDECLARED_SELECTOR = YES;
				GCC_WARN_UNINITIALIZED_AUTOS = YES_AGGRESSIVE;
				GCC_WARN_UNUSED_FUNCTION = YES;
				GCC_WARN_UNUSED_VARIABLE = YES;
				IPHONEOS_DEPLOYMENT_TARGET = 18.2;
				LOCALIZATION_PREFERS_STRING_CATALOGS = YES;
				MTL_ENABLE_DEBUG_INFO = INCLUDE_SOURCE;
				MTL_FAST_MATH = YES;
				ONLY_ACTIVE_ARCH = YES;
				SDKROOT = iphoneos;
				SWIFT_ACTIVE_COMPILATION_CONDITIONS = "DEBUG $(inherited)";
				SWIFT_OPTIMIZATION_LEVEL = "-Onone";
			};
			name = Debug;
		};
		AD6C017D2D724FAA005BA383 /* Release */ = {
			isa = XCBuildConfiguration;
			buildSettings = {
				ALWAYS_SEARCH_USER_PATHS = NO;
				ASSETCATALOG_COMPILER_GENERATE_SWIFT_ASSET_SYMBOL_EXTENSIONS = YES;
				CLANG_ANALYZER_NONNULL = YES;
				CLANG_ANALYZER_NUMBER_OBJECT_CONVERSION = YES_AGGRESSIVE;
				CLANG_CXX_LANGUAGE_STANDARD = "gnu++20";
				CLANG_ENABLE_MODULES = YES;
				CLANG_ENABLE_OBJC_ARC = YES;
				CLANG_ENABLE_OBJC_WEAK = YES;
				CLANG_WARN_BLOCK_CAPTURE_AUTORELEASING = YES;
				CLANG_WARN_BOOL_CONVERSION = YES;
				CLANG_WARN_COMMA = YES;
				CLANG_WARN_CONSTANT_CONVERSION = YES;
				CLANG_WARN_DEPRECATED_OBJC_IMPLEMENTATIONS = YES;
				CLANG_WARN_DIRECT_OBJC_ISA_USAGE = YES_ERROR;
				CLANG_WARN_DOCUMENTATION_COMMENTS = YES;
				CLANG_WARN_EMPTY_BODY = YES;
				CLANG_WARN_ENUM_CONVERSION = YES;
				CLANG_WARN_INFINITE_RECURSION = YES;
				CLANG_WARN_INT_CONVERSION = YES;
				CLANG_WARN_NON_LITERAL_NULL_CONVERSION = YES;
				CLANG_WARN_OBJC_IMPLICIT_RETAIN_SELF = YES;
				CLANG_WARN_OBJC_LITERAL_CONVERSION = YES;
				CLANG_WARN_OBJC_ROOT_CLASS = YES_ERROR;
				CLANG_WARN_QUOTED_INCLUDE_IN_FRAMEWORK_HEADER = YES;
				CLANG_WARN_RANGE_LOOP_ANALYSIS = YES;
				CLANG_WARN_STRICT_PROTOTYPES = YES;
				CLANG_WARN_SUSPICIOUS_MOVE = YES;
				CLANG_WARN_UNGUARDED_AVAILABILITY = YES_AGGRESSIVE;
				CLANG_WARN_UNREACHABLE_CODE = YES;
				CLANG_WARN__DUPLICATE_METHOD_MATCH = YES;
				COPY_PHASE_STRIP = NO;
				DEBUG_INFORMATION_FORMAT = "dwarf-with-dsym";
				ENABLE_NS_ASSERTIONS = NO;
				ENABLE_STRICT_OBJC_MSGSEND = YES;
				ENABLE_USER_SCRIPT_SANDBOXING = YES;
				GCC_C_LANGUAGE_STANDARD = gnu17;
				GCC_NO_COMMON_BLOCKS = YES;
				GCC_WARN_64_TO_32_BIT_CONVERSION = YES;
				GCC_WARN_ABOUT_RETURN_TYPE = YES_ERROR;
				GCC_WARN_UNDECLARED_SELECTOR = YES;
				GCC_WARN_UNINITIALIZED_AUTOS = YES_AGGRESSIVE;
				GCC_WARN_UNUSED_FUNCTION = YES;
				GCC_WARN_UNUSED_VARIABLE = YES;
				IPHONEOS_DEPLOYMENT_TARGET = 18.2;
				LOCALIZATION_PREFERS_STRING_CATALOGS = YES;
				MTL_ENABLE_DEBUG_INFO = NO;
				MTL_FAST_MATH = YES;
				SDKROOT = iphoneos;
				SWIFT_COMPILATION_MODE = wholemodule;
				VALIDATE_PRODUCT = YES;
			};
			name = Release;
		};
		AD6C017F2D724FAA005BA383 /* Debug */ = {
			isa = XCBuildConfiguration;
			buildSettings = {
				ASSETCATALOG_COMPILER_APPICON_NAME = AppIcon;
				ASSETCATALOG_COMPILER_GLOBAL_ACCENT_COLOR_NAME = AccentColor;
				CODE_SIGN_STYLE = Automatic;
				CURRENT_PROJECT_VERSION = 1;
				DEVELOPMENT_ASSET_PATHS = "\"GitHubCollaboration/Preview Content\"";
				ENABLE_PREVIEWS = YES;
				GENERATE_INFOPLIST_FILE = YES;
				INFOPLIST_KEY_UIApplicationSceneManifest_Generation = YES;
				INFOPLIST_KEY_UIApplicationSupportsIndirectInputEvents = YES;
				INFOPLIST_KEY_UILaunchScreen_Generation = YES;
				INFOPLIST_KEY_UISupportedInterfaceOrientations_iPad = "UIInterfaceOrientationPortrait UIInterfaceOrientationPortraitUpsideDown UIInterfaceOrientationLandscapeLeft UIInterfaceOrientationLandscapeRight";
				INFOPLIST_KEY_UISupportedInterfaceOrientations_iPhone = "UIInterfaceOrientationPortrait UIInterfaceOrientationLandscapeLeft UIInterfaceOrientationLandscapeRight";
				LD_RUNPATH_SEARCH_PATHS = (
					"$(inherited)",
					"@executable_path/Frameworks",
				);
				MARKETING_VERSION = 1.0;
				PRODUCT_BUNDLE_IDENTIFIER = ra.GitHubCollaboration;
				PRODUCT_NAME = "$(TARGET_NAME)";
				SWIFT_EMIT_LOC_STRINGS = YES;
				SWIFT_VERSION = 5.0;
				TARGETED_DEVICE_FAMILY = "1,2";
			};
			name = Debug;
		};
		AD6C01802D724FAA005BA383 /* Release */ = {
			isa = XCBuildConfiguration;
			buildSettings = {
				ASSETCATALOG_COMPILER_APPICON_NAME = AppIcon;
				ASSETCATALOG_COMPILER_GLOBAL_ACCENT_COLOR_NAME = AccentColor;
				CODE_SIGN_STYLE = Automatic;
				CURRENT_PROJECT_VERSION = 1;
				DEVELOPMENT_ASSET_PATHS = "\"GitHubCollaboration/Preview Content\"";
				ENABLE_PREVIEWS = YES;
				GENERATE_INFOPLIST_FILE = YES;
				INFOPLIST_KEY_UIApplicationSceneManifest_Generation = YES;
				INFOPLIST_KEY_UIApplicationSupportsIndirectInputEvents = YES;
				INFOPLIST_KEY_UILaunchScreen_Generation = YES;
				INFOPLIST_KEY_UISupportedInterfaceOrientations_iPad = "UIInterfaceOrientationPortrait UIInterfaceOrientationPortraitUpsideDown UIInterfaceOrientationLandscapeLeft UIInterfaceOrientationLandscapeRight";
				INFOPLIST_KEY_UISupportedInterfaceOrientations_iPhone = "UIInterfaceOrientationPortrait UIInterfaceOrientationLandscapeLeft UIInterfaceOrientationLandscapeRight";
				LD_RUNPATH_SEARCH_PATHS = (
					"$(inherited)",
					"@executable_path/Frameworks",
				);
				MARKETING_VERSION = 1.0;
				PRODUCT_BUNDLE_IDENTIFIER = ra.GitHubCollaboration;
				PRODUCT_NAME = "$(TARGET_NAME)";
				SWIFT_EMIT_LOC_STRINGS = YES;
				SWIFT_VERSION = 5.0;
				TARGETED_DEVICE_FAMILY = "1,2";
			};
			name = Release;
		};
		AD6C01822D724FAA005BA383 /* Debug */ = {
			isa = XCBuildConfiguration;
			buildSettings = {
				BUNDLE_LOADER = "$(TEST_HOST)";
				CODE_SIGN_STYLE = Automatic;
				CURRENT_PROJECT_VERSION = 1;
				GENERATE_INFOPLIST_FILE = YES;
				IPHONEOS_DEPLOYMENT_TARGET = 18.2;
				MARKETING_VERSION = 1.0;
				PRODUCT_BUNDLE_IDENTIFIER = ra.GitHubCollaborationTests;
				PRODUCT_NAME = "$(TARGET_NAME)";
				SWIFT_EMIT_LOC_STRINGS = NO;
				SWIFT_VERSION = 5.0;
				TARGETED_DEVICE_FAMILY = "1,2";
				TEST_HOST = "$(BUILT_PRODUCTS_DIR)/GitHubCollaboration.app/$(BUNDLE_EXECUTABLE_FOLDER_PATH)/GitHubCollaboration";
			};
			name = Debug;
		};
		AD6C01832D724FAA005BA383 /* Release */ = {
			isa = XCBuildConfiguration;
			buildSettings = {
				BUNDLE_LOADER = "$(TEST_HOST)";
				CODE_SIGN_STYLE = Automatic;
				CURRENT_PROJECT_VERSION = 1;
				GENERATE_INFOPLIST_FILE = YES;
				IPHONEOS_DEPLOYMENT_TARGET = 18.2;
				MARKETING_VERSION = 1.0;
				PRODUCT_BUNDLE_IDENTIFIER = ra.GitHubCollaborationTests;
				PRODUCT_NAME = "$(TARGET_NAME)";
				SWIFT_EMIT_LOC_STRINGS = NO;
				SWIFT_VERSION = 5.0;
				TARGETED_DEVICE_FAMILY = "1,2";
				TEST_HOST = "$(BUILT_PRODUCTS_DIR)/GitHubCollaboration.app/$(BUNDLE_EXECUTABLE_FOLDER_PATH)/GitHubCollaboration";
			};
			name = Release;
		};
		AD6C01852D724FAA005BA383 /* Debug */ = {
			isa = XCBuildConfiguration;
			buildSettings = {
				CODE_SIGN_STYLE = Automatic;
				CURRENT_PROJECT_VERSION = 1;
				GENERATE_INFOPLIST_FILE = YES;
				MARKETING_VERSION = 1.0;
				PRODUCT_BUNDLE_IDENTIFIER = ra.GitHubCollaborationUITests;
				PRODUCT_NAME = "$(TARGET_NAME)";
				SWIFT_EMIT_LOC_STRINGS = NO;
				SWIFT_VERSION = 5.0;
				TARGETED_DEVICE_FAMILY = "1,2";
				TEST_TARGET_NAME = GitHubCollaboration;
			};
			name = Debug;
		};
		AD6C01862D724FAA005BA383 /* Release */ = {
			isa = XCBuildConfiguration;
			buildSettings = {
				CODE_SIGN_STYLE = Automatic;
				CURRENT_PROJECT_VERSION = 1;
				GENERATE_INFOPLIST_FILE = YES;
				MARKETING_VERSION = 1.0;
				PRODUCT_BUNDLE_IDENTIFIER = ra.GitHubCollaborationUITests;
				PRODUCT_NAME = "$(TARGET_NAME)";
				SWIFT_EMIT_LOC_STRINGS = NO;
				SWIFT_VERSION = 5.0;
				TARGETED_DEVICE_FAMILY = "1,2";
				TEST_TARGET_NAME = GitHubCollaboration;
			};
			name = Release;
		};
/* End XCBuildConfiguration section */

/* Begin XCConfigurationList section */
		AD6C01552D724FA7005BA383 /* Build configuration list for PBXProject "GitHubCollaboration" */ = {
			isa = XCConfigurationList;
			buildConfigurations = (
				AD6C017C2D724FAA005BA383 /* Debug */,
				AD6C017D2D724FAA005BA383 /* Release */,
			);
			defaultConfigurationIsVisible = 0;
			defaultConfigurationName = Release;
		};
		AD6C017E2D724FAA005BA383 /* Build configuration list for PBXNativeTarget "GitHubCollaboration" */ = {
			isa = XCConfigurationList;
			buildConfigurations = (
				AD6C017F2D724FAA005BA383 /* Debug */,
				AD6C01802D724FAA005BA383 /* Release */,
			);
			defaultConfigurationIsVisible = 0;
			defaultConfigurationName = Release;
		};
		AD6C01812D724FAA005BA383 /* Build configuration list for PBXNativeTarget "GitHubCollaborationTests" */ = {
			isa = XCConfigurationList;
			buildConfigurations = (
				AD6C01822D724FAA005BA383 /* Debug */,
				AD6C01832D724FAA005BA383 /* Release */,
			);
			defaultConfigurationIsVisible = 0;
			defaultConfigurationName = Release;
		};
		AD6C01842D724FAA005BA383 /* Build configuration list for PBXNativeTarget "GitHubCollaborationUITests" */ = {
			isa = XCConfigurationList;
			buildConfigurations = (
				AD6C01852D724FAA005BA383 /* Debug */,
				AD6C01862D724FAA005BA383 /* Release */,
			);
			defaultConfigurationIsVisible = 0;
			defaultConfigurationName = Release;
		};
/* End XCConfigurationList section */
	};
	rootObject = AD6C01522D724FA7005BA383 /* Project object */;
}
